
Microsoft Visual Studio Solution File, Format Version 12.00
# Visual Studio Version 17
VisualStudioVersion = 17.7.34024.191
MinimumVisualStudioVersion = 10.0.40219.1
Project("{FAE04EC0-301F-11D3-BF4B-00C04F79EFBC}") = "AdventOfCode2022_Day4", "AdventOfCode2022_Day4.csproj", "{0B038ED4-4B18-4A35-A87C-85D40F096C97}"
EndProject
Global
	GlobalSection(SolutionConfigurationPlatforms) = preSolution
		Debug|Any CPU = Debug|Any CPU
		Release|Any CPU = Release|Any CPU
	EndGlobalSection
	GlobalSection(ProjectConfigurationPlatforms) = postSolution
		{0B038ED4-4B18-4A35-A87C-85D40F096C97}.Debug|Any CPU.ActiveCfg = Debug|Any CPU
		{0B038ED4-4B18-4A35-A87C-85D40F096C97}.Debug|Any CPU.Build.0 = Debug|Any CPU
		{0B038ED4-4B18-4A35-A87C-85D40F096C97}.Release|Any CPU.ActiveCfg = Release|Any CPU
		{0B038ED4-4B18-4A35-A87C-85D40F096C97}.Release|Any CPU.Build.0 = Release|Any CPU
	EndGlobalSection
	GlobalSection(SolutionProperties) = preSolution
		HideSolutionNode = FALSE
	EndGlobalSection
	GlobalSection(ExtensibilityGlobals) = postSolution
		SolutionGuid = {C26160F9-2602-49F6-81E1-CF45A912C467}
	EndGlobalSection
EndGlobal
